// !$*UTF8*$!
{
	archiveVersion = 1;
	classes = {
	};
	objectVersion = 77;
	objects = {

/* Begin PBXBuildFile section */
		53079F872D05FE7200AFFF5D /* Auth in Frameworks */ = {isa = PBXBuildFile; productRef = 53079F862D05FE7200AFFF5D /* Auth */; };
		53079F892D05FE7200AFFF5D /* Functions in Frameworks */ = {isa = PBXBuildFile; productRef = 53079F882D05FE7200AFFF5D /* Functions */; };
		53079F8B2D05FE7200AFFF5D /* PostgREST in Frameworks */ = {isa = PBXBuildFile; productRef = 53079F8A2D05FE7200AFFF5D /* PostgREST */; };
		53079F8D2D05FE7200AFFF5D /* Realtime in Frameworks */ = {isa = PBXBuildFile; productRef = 53079F8C2D05FE7200AFFF5D /* Realtime */; };
		53079F8F2D05FE7200AFFF5D /* Storage in Frameworks */ = {isa = PBXBuildFile; productRef = 53079F8E2D05FE7200AFFF5D /* Storage */; };
		53079F912D05FE7200AFFF5D /* Supabase in Frameworks */ = {isa = PBXBuildFile; productRef = 53079F902D05FE7200AFFF5D /* Supabase */; };
		53079FF02D06395800AFFF5D /* SwiftDotenv in Frameworks */ = {isa = PBXBuildFile; productRef = 53079FEF2D06395800AFFF5D /* SwiftDotenv */; };
		5359A9462D03E09C0043A282 /* Inject in Frameworks */ = {isa = PBXBuildFile; productRef = 5359A9452D03E09C0043A282 /* Inject */; };
/* End PBXBuildFile section */

/* Begin PBXContainerItemProxy section */
		530363202CCC8B8A009A0847 /* PBXContainerItemProxy */ = {
			isa = PBXContainerItemProxy;
			containerPortal = 530363062CCC8B89009A0847 /* Project object */;
			proxyType = 1;
			remoteGlobalIDString = 5303630D2CCC8B89009A0847;
			remoteInfo = CatchAll;
		};
		5303632A2CCC8B8A009A0847 /* PBXContainerItemProxy */ = {
			isa = PBXContainerItemProxy;
			containerPortal = 530363062CCC8B89009A0847 /* Project object */;
			proxyType = 1;
			remoteGlobalIDString = 5303630D2CCC8B89009A0847;
			remoteInfo = CatchAll;
		};
/* End PBXContainerItemProxy section */

/* Begin PBXFileReference section */
		5303630E2CCC8B89009A0847 /* CatchAll.app */ = {isa = PBXFileReference; explicitFileType = wrapper.application; includeInIndex = 0; path = CatchAll.app; sourceTree = BUILT_PRODUCTS_DIR; };
		5303631F2CCC8B8A009A0847 /* CatchAllTests.xctest */ = {isa = PBXFileReference; explicitFileType = wrapper.cfbundle; includeInIndex = 0; path = CatchAllTests.xctest; sourceTree = BUILT_PRODUCTS_DIR; };
		530363292CCC8B8A009A0847 /* CatchAllUITests.xctest */ = {isa = PBXFileReference; explicitFileType = wrapper.cfbundle; includeInIndex = 0; path = CatchAllUITests.xctest; sourceTree = BUILT_PRODUCTS_DIR; };
/* End PBXFileReference section */

/* Begin PBXFileSystemSynchronizedRootGroup section */
		530363102CCC8B89009A0847 /* CatchAll */ = {
			isa = PBXFileSystemSynchronizedRootGroup;
			path = CatchAll;
			sourceTree = "<group>";
		};
		530363222CCC8B8A009A0847 /* CatchAllTests */ = {
			isa = PBXFileSystemSynchronizedRootGroup;
			path = CatchAllTests;
			sourceTree = "<group>";
		};
		5303632C2CCC8B8A009A0847 /* CatchAllUITests */ = {
			isa = PBXFileSystemSynchronizedRootGroup;
			path = CatchAllUITests;
			sourceTree = "<group>";
		};
/* End PBXFileSystemSynchronizedRootGroup section */

/* Begin PBXFrameworksBuildPhase section */
		5303630B2CCC8B89009A0847 /* Frameworks */ = {
			isa = PBXFrameworksBuildPhase;
			buildActionMask = 2147483647;
			files = (
				53079F8B2D05FE7200AFFF5D /* PostgREST in Frameworks */,
				53079F8F2D05FE7200AFFF5D /* Storage in Frameworks */,
				53079F912D05FE7200AFFF5D /* Supabase in Frameworks */,
				53079FF02D06395800AFFF5D /* SwiftDotenv in Frameworks */,
				5359A9462D03E09C0043A282 /* Inject in Frameworks */,
				53079F872D05FE7200AFFF5D /* Auth in Frameworks */,
				53079F8D2D05FE7200AFFF5D /* Realtime in Frameworks */,
				53079F892D05FE7200AFFF5D /* Functions in Frameworks */,
			);
			runOnlyForDeploymentPostprocessing = 0;
		};
		5303631C2CCC8B8A009A0847 /* Frameworks */ = {
			isa = PBXFrameworksBuildPhase;
			buildActionMask = 2147483647;
			files = (
			);
			runOnlyForDeploymentPostprocessing = 0;
		};
		530363262CCC8B8A009A0847 /* Frameworks */ = {
			isa = PBXFrameworksBuildPhase;
			buildActionMask = 2147483647;
			files = (
			);
			runOnlyForDeploymentPostprocessing = 0;
		};
/* End PBXFrameworksBuildPhase section */

/* Begin PBXGroup section */
		530363052CCC8B89009A0847 = {
			isa = PBXGroup;
			children = (
				530363102CCC8B89009A0847 /* CatchAll */,
				530363222CCC8B8A009A0847 /* CatchAllTests */,
				5303632C2CCC8B8A009A0847 /* CatchAllUITests */,
				5303630F2CCC8B89009A0847 /* Products */,
			);
			sourceTree = "<group>";
		};
		5303630F2CCC8B89009A0847 /* Products */ = {
			isa = PBXGroup;
			children = (
				5303630E2CCC8B89009A0847 /* CatchAll.app */,
				5303631F2CCC8B8A009A0847 /* CatchAllTests.xctest */,
				530363292CCC8B8A009A0847 /* CatchAllUITests.xctest */,
			);
			name = Products;
			sourceTree = "<group>";
		};
/* End PBXGroup section */

/* Begin PBXNativeTarget section */
		5303630D2CCC8B89009A0847 /* CatchAll */ = {
			isa = PBXNativeTarget;
			buildConfigurationList = 530363332CCC8B8A009A0847 /* Build configuration list for PBXNativeTarget "CatchAll" */;
			buildPhases = (
				5303630A2CCC8B89009A0847 /* Sources */,
				5303630B2CCC8B89009A0847 /* Frameworks */,
				5303630C2CCC8B89009A0847 /* Resources */,
			);
			buildRules = (
			);
			dependencies = (
			);
			fileSystemSynchronizedGroups = (
				530363102CCC8B89009A0847 /* CatchAll */,
			);
			name = CatchAll;
			packageProductDependencies = (
				5359A9452D03E09C0043A282 /* Inject */,
				53079F862D05FE7200AFFF5D /* Auth */,
				53079F882D05FE7200AFFF5D /* Functions */,
				53079F8A2D05FE7200AFFF5D /* PostgREST */,
				53079F8C2D05FE7200AFFF5D /* Realtime */,
				53079F8E2D05FE7200AFFF5D /* Storage */,
				53079F902D05FE7200AFFF5D /* Supabase */,
				53079FEF2D06395800AFFF5D /* SwiftDotenv */,
			);
			productName = CatchAll;
			productReference = 5303630E2CCC8B89009A0847 /* CatchAll.app */;
			productType = "com.apple.product-type.application";
		};
		5303631E2CCC8B8A009A0847 /* CatchAllTests */ = {
			isa = PBXNativeTarget;
			buildConfigurationList = 530363362CCC8B8A009A0847 /* Build configuration list for PBXNativeTarget "CatchAllTests" */;
			buildPhases = (
				5303631B2CCC8B8A009A0847 /* Sources */,
				5303631C2CCC8B8A009A0847 /* Frameworks */,
				5303631D2CCC8B8A009A0847 /* Resources */,
			);
			buildRules = (
			);
			dependencies = (
				530363212CCC8B8A009A0847 /* PBXTargetDependency */,
			);
			fileSystemSynchronizedGroups = (
				530363222CCC8B8A009A0847 /* CatchAllTests */,
			);
			name = CatchAllTests;
			packageProductDependencies = (
			);
			productName = CatchAllTests;
			productReference = 5303631F2CCC8B8A009A0847 /* CatchAllTests.xctest */;
			productType = "com.apple.product-type.bundle.unit-test";
		};
		530363282CCC8B8A009A0847 /* CatchAllUITests */ = {
			isa = PBXNativeTarget;
			buildConfigurationList = 530363392CCC8B8A009A0847 /* Build configuration list for PBXNativeTarget "CatchAllUITests" */;
			buildPhases = (
				530363252CCC8B8A009A0847 /* Sources */,
				530363262CCC8B8A009A0847 /* Frameworks */,
				530363272CCC8B8A009A0847 /* Resources */,
			);
			buildRules = (
			);
			dependencies = (
				5303632B2CCC8B8A009A0847 /* PBXTargetDependency */,
			);
			fileSystemSynchronizedGroups = (
				5303632C2CCC8B8A009A0847 /* CatchAllUITests */,
			);
			name = CatchAllUITests;
			packageProductDependencies = (
			);
			productName = CatchAllUITests;
			productReference = 530363292CCC8B8A009A0847 /* CatchAllUITests.xctest */;
			productType = "com.apple.product-type.bundle.ui-testing";
		};
/* End PBXNativeTarget section */

/* Begin PBXProject section */
		530363062CCC8B89009A0847 /* Project object */ = {
			isa = PBXProject;
			attributes = {
				BuildIndependentTargetsInParallel = 1;
				LastSwiftUpdateCheck = 1600;
				LastUpgradeCheck = 1620;
				TargetAttributes = {
					5303630D2CCC8B89009A0847 = {
						CreatedOnToolsVersion = 16.0;
					};
					5303631E2CCC8B8A009A0847 = {
						CreatedOnToolsVersion = 16.0;
						TestTargetID = 5303630D2CCC8B89009A0847;
					};
					530363282CCC8B8A009A0847 = {
						CreatedOnToolsVersion = 16.0;
						TestTargetID = 5303630D2CCC8B89009A0847;
					};
				};
			};
			buildConfigurationList = 530363092CCC8B89009A0847 /* Build configuration list for PBXProject "CatchAll" */;
			developmentRegion = en;
			hasScannedForEncodings = 0;
			knownRegions = (
				en,
				Base,
			);
			mainGroup = 530363052CCC8B89009A0847;
			minimizedProjectReferenceProxies = 1;
			packageReferences = (
				5312BC662D03DD3A007F9737 /* XCRemoteSwiftPackageReference "Inject" */,
				53079F852D05FE7200AFFF5D /* XCRemoteSwiftPackageReference "supabase-swift" */,
				53079FEE2D06395800AFFF5D /* XCRemoteSwiftPackageReference "swift-dotenv" */,
			);
			preferredProjectObjectVersion = 77;
			productRefGroup = 5303630F2CCC8B89009A0847 /* Products */;
			projectDirPath = "";
			projectRoot = "";
			targets = (
				5303630D2CCC8B89009A0847 /* CatchAll */,
				5303631E2CCC8B8A009A0847 /* CatchAllTests */,
				530363282CCC8B8A009A0847 /* CatchAllUITests */,
			);
		};
/* End PBXProject section */

/* Begin PBXResourcesBuildPhase section */
		5303630C2CCC8B89009A0847 /* Resources */ = {
			isa = PBXResourcesBuildPhase;
			buildActionMask = 2147483647;
			files = (
			);
			runOnlyForDeploymentPostprocessing = 0;
		};
		5303631D2CCC8B8A009A0847 /* Resources */ = {
			isa = PBXResourcesBuildPhase;
			buildActionMask = 2147483647;
			files = (
			);
			runOnlyForDeploymentPostprocessing = 0;
		};
		530363272CCC8B8A009A0847 /* Resources */ = {
			isa = PBXResourcesBuildPhase;
			buildActionMask = 2147483647;
			files = (
			);
			runOnlyForDeploymentPostprocessing = 0;
		};
/* End PBXResourcesBuildPhase section */

/* Begin PBXSourcesBuildPhase section */
		5303630A2CCC8B89009A0847 /* Sources */ = {
			isa = PBXSourcesBuildPhase;
			buildActionMask = 2147483647;
			files = (
			);
			runOnlyForDeploymentPostprocessing = 0;
		};
		5303631B2CCC8B8A009A0847 /* Sources */ = {
			isa = PBXSourcesBuildPhase;
			buildActionMask = 2147483647;
			files = (
			);
			runOnlyForDeploymentPostprocessing = 0;
		};
		530363252CCC8B8A009A0847 /* Sources */ = {
			isa = PBXSourcesBuildPhase;
			buildActionMask = 2147483647;
			files = (
			);
			runOnlyForDeploymentPostprocessing = 0;
		};
/* End PBXSourcesBuildPhase section */

/* Begin PBXTargetDependency section */
		530363212CCC8B8A009A0847 /* PBXTargetDependency */ = {
			isa = PBXTargetDependency;
			target = 5303630D2CCC8B89009A0847 /* CatchAll */;
			targetProxy = 530363202CCC8B8A009A0847 /* PBXContainerItemProxy */;
		};
		5303632B2CCC8B8A009A0847 /* PBXTargetDependency */ = {
			isa = PBXTargetDependency;
			target = 5303630D2CCC8B89009A0847 /* CatchAll */;
			targetProxy = 5303632A2CCC8B8A009A0847 /* PBXContainerItemProxy */;
		};
/* End PBXTargetDependency section */

/* Begin XCBuildConfiguration section */
		530363312CCC8B8A009A0847 /* Debug */ = {
			isa = XCBuildConfiguration;
			buildSettings = {
				ALWAYS_SEARCH_USER_PATHS = NO;
				ASSETCATALOG_COMPILER_GENERATE_SWIFT_ASSET_SYMBOL_EXTENSIONS = YES;
				CLANG_ANALYZER_NONNULL = YES;
				CLANG_ANALYZER_NUMBER_OBJECT_CONVERSION = YES_AGGRESSIVE;
				CLANG_CXX_LANGUAGE_STANDARD = "gnu++20";
				CLANG_ENABLE_MODULES = YES;
				CLANG_ENABLE_OBJC_ARC = YES;
				CLANG_ENABLE_OBJC_WEAK = YES;
				CLANG_WARN_BLOCK_CAPTURE_AUTORELEASING = YES;
				CLANG_WARN_BOOL_CONVERSION = YES;
				CLANG_WARN_COMMA = YES;
				CLANG_WARN_CONSTANT_CONVERSION = YES;
				CLANG_WARN_DEPRECATED_OBJC_IMPLEMENTATIONS = YES;
				CLANG_WARN_DIRECT_OBJC_ISA_USAGE = YES_ERROR;
				CLANG_WARN_DOCUMENTATION_COMMENTS = YES;
				CLANG_WARN_EMPTY_BODY = YES;
				CLANG_WARN_ENUM_CONVERSION = YES;
				CLANG_WARN_INFINITE_RECURSION = YES;
				CLANG_WARN_INT_CONVERSION = YES;
				CLANG_WARN_NON_LITERAL_NULL_CONVERSION = YES;
				CLANG_WARN_OBJC_IMPLICIT_RETAIN_SELF = YES;
				CLANG_WARN_OBJC_LITERAL_CONVERSION = YES;
				CLANG_WARN_OBJC_ROOT_CLASS = YES_ERROR;
				CLANG_WARN_QUOTED_INCLUDE_IN_FRAMEWORK_HEADER = YES;
				CLANG_WARN_RANGE_LOOP_ANALYSIS = YES;
				CLANG_WARN_STRICT_PROTOTYPES = YES;
				CLANG_WARN_SUSPICIOUS_MOVE = YES;
				CLANG_WARN_UNGUARDED_AVAILABILITY = YES_AGGRESSIVE;
				CLANG_WARN_UNREACHABLE_CODE = YES;
				CLANG_WARN__DUPLICATE_METHOD_MATCH = YES;
				COPY_PHASE_STRIP = NO;
				DEAD_CODE_STRIPPING = YES;
				DEBUG_INFORMATION_FORMAT = dwarf;
				ENABLE_STRICT_OBJC_MSGSEND = YES;
				ENABLE_TESTABILITY = YES;
				ENABLE_USER_SCRIPT_SANDBOXING = YES;
				GCC_C_LANGUAGE_STANDARD = gnu17;
				GCC_DYNAMIC_NO_PIC = NO;
				GCC_NO_COMMON_BLOCKS = YES;
				GCC_OPTIMIZATION_LEVEL = 0;
				GCC_PREPROCESSOR_DEFINITIONS = (
					"DEBUG=1",
					"$(inherited)",
				);
				GCC_WARN_64_TO_32_BIT_CONVERSION = YES;
				GCC_WARN_ABOUT_RETURN_TYPE = YES_ERROR;
				GCC_WARN_UNDECLARED_SELECTOR = YES;
				GCC_WARN_UNINITIALIZED_AUTOS = YES_AGGRESSIVE;
				GCC_WARN_UNUSED_FUNCTION = YES;
				GCC_WARN_UNUSED_VARIABLE = YES;
				INFOPLIST_KEY_NSCameraUsageDescription = "Camera access is required to allow the user to capture and upload images directly from the app interface.";
				LOCALIZATION_PREFERS_STRING_CATALOGS = YES;
				MTL_ENABLE_DEBUG_INFO = INCLUDE_SOURCE;
				MTL_FAST_MATH = YES;
				ONLY_ACTIVE_ARCH = YES;
				SWIFT_ACTIVE_COMPILATION_CONDITIONS = "DEBUG $(inherited)";
				SWIFT_OPTIMIZATION_LEVEL = "-Onone";
			};
			name = Debug;
		};
		530363322CCC8B8A009A0847 /* Release */ = {
			isa = XCBuildConfiguration;
			buildSettings = {
				ALWAYS_SEARCH_USER_PATHS = NO;
				ASSETCATALOG_COMPILER_GENERATE_SWIFT_ASSET_SYMBOL_EXTENSIONS = YES;
				CLANG_ANALYZER_NONNULL = YES;
				CLANG_ANALYZER_NUMBER_OBJECT_CONVERSION = YES_AGGRESSIVE;
				CLANG_CXX_LANGUAGE_STANDARD = "gnu++20";
				CLANG_ENABLE_MODULES = YES;
				CLANG_ENABLE_OBJC_ARC = YES;
				CLANG_ENABLE_OBJC_WEAK = YES;
				CLANG_WARN_BLOCK_CAPTURE_AUTORELEASING = YES;
				CLANG_WARN_BOOL_CONVERSION = YES;
				CLANG_WARN_COMMA = YES;
				CLANG_WARN_CONSTANT_CONVERSION = YES;
				CLANG_WARN_DEPRECATED_OBJC_IMPLEMENTATIONS = YES;
				CLANG_WARN_DIRECT_OBJC_ISA_USAGE = YES_ERROR;
				CLANG_WARN_DOCUMENTATION_COMMENTS = YES;
				CLANG_WARN_EMPTY_BODY = YES;
				CLANG_WARN_ENUM_CONVERSION = YES;
				CLANG_WARN_INFINITE_RECURSION = YES;
				CLANG_WARN_INT_CONVERSION = YES;
				CLANG_WARN_NON_LITERAL_NULL_CONVERSION = YES;
				CLANG_WARN_OBJC_IMPLICIT_RETAIN_SELF = YES;
				CLANG_WARN_OBJC_LITERAL_CONVERSION = YES;
				CLANG_WARN_OBJC_ROOT_CLASS = YES_ERROR;
				CLANG_WARN_QUOTED_INCLUDE_IN_FRAMEWORK_HEADER = YES;
				CLANG_WARN_RANGE_LOOP_ANALYSIS = YES;
				CLANG_WARN_STRICT_PROTOTYPES = YES;
				CLANG_WARN_SUSPICIOUS_MOVE = YES;
				CLANG_WARN_UNGUARDED_AVAILABILITY = YES_AGGRESSIVE;
				CLANG_WARN_UNREACHABLE_CODE = YES;
				CLANG_WARN__DUPLICATE_METHOD_MATCH = YES;
				COPY_PHASE_STRIP = NO;
				DEAD_CODE_STRIPPING = YES;
				DEBUG_INFORMATION_FORMAT = "dwarf-with-dsym";
				ENABLE_NS_ASSERTIONS = NO;
				ENABLE_STRICT_OBJC_MSGSEND = YES;
				ENABLE_USER_SCRIPT_SANDBOXING = YES;
				GCC_C_LANGUAGE_STANDARD = gnu17;
				GCC_NO_COMMON_BLOCKS = YES;
				GCC_WARN_64_TO_32_BIT_CONVERSION = YES;
				GCC_WARN_ABOUT_RETURN_TYPE = YES_ERROR;
				GCC_WARN_UNDECLARED_SELECTOR = YES;
				GCC_WARN_UNINITIALIZED_AUTOS = YES_AGGRESSIVE;
				GCC_WARN_UNUSED_FUNCTION = YES;
				GCC_WARN_UNUSED_VARIABLE = YES;
				INFOPLIST_KEY_NSCameraUsageDescription = "Camera access is required to allow the user to capture and upload images directly from the app interface.";
				LOCALIZATION_PREFERS_STRING_CATALOGS = YES;
				MTL_ENABLE_DEBUG_INFO = NO;
				MTL_FAST_MATH = YES;
				SWIFT_COMPILATION_MODE = wholemodule;
			};
			name = Release;
		};
		530363342CCC8B8A009A0847 /* Debug */ = {
			isa = XCBuildConfiguration;
			buildSettings = {
				ASSETCATALOG_COMPILER_APPICON_NAME = AppIcon;
				ASSETCATALOG_COMPILER_GLOBAL_ACCENT_COLOR_NAME = AccentColor;
				CODE_SIGN_ENTITLEMENTS = CatchAll/CatchAll.entitlements;
				CODE_SIGN_IDENTITY = "Apple Development";
				CODE_SIGN_STYLE = Automatic;
				CURRENT_PROJECT_VERSION = 1;
				DEAD_CODE_STRIPPING = YES;
				DEVELOPMENT_ASSET_PATHS = "\"CatchAll/Preview Content\"";
				DEVELOPMENT_TEAM = F38SNU7547;
				ENABLE_PREVIEWS = YES;
				GENERATE_INFOPLIST_FILE = YES;
				"INFOPLIST_KEY_UIApplicationSceneManifest_Generation[sdk=iphoneos*]" = YES;
				"INFOPLIST_KEY_UIApplicationSceneManifest_Generation[sdk=iphonesimulator*]" = YES;
				"INFOPLIST_KEY_UIApplicationSupportsIndirectInputEvents[sdk=iphoneos*]" = YES;
				"INFOPLIST_KEY_UIApplicationSupportsIndirectInputEvents[sdk=iphonesimulator*]" = YES;
				"INFOPLIST_KEY_UILaunchScreen_Generation[sdk=iphoneos*]" = YES;
				"INFOPLIST_KEY_UILaunchScreen_Generation[sdk=iphonesimulator*]" = YES;
				"INFOPLIST_KEY_UIStatusBarStyle[sdk=iphoneos*]" = UIStatusBarStyleDefault;
				"INFOPLIST_KEY_UIStatusBarStyle[sdk=iphonesimulator*]" = UIStatusBarStyleDefault;
				INFOPLIST_KEY_UISupportedInterfaceOrientations_iPad = "UIInterfaceOrientationPortrait UIInterfaceOrientationPortraitUpsideDown UIInterfaceOrientationLandscapeLeft UIInterfaceOrientationLandscapeRight";
				INFOPLIST_KEY_UISupportedInterfaceOrientations_iPhone = "UIInterfaceOrientationPortrait UIInterfaceOrientationLandscapeLeft UIInterfaceOrientationLandscapeRight";
				IPHONEOS_DEPLOYMENT_TARGET = 18.0;
				LD_RUNPATH_SEARCH_PATHS = "@executable_path/Frameworks";
				"LD_RUNPATH_SEARCH_PATHS[sdk=macosx*]" = "@executable_path/../Frameworks";
				MACOSX_DEPLOYMENT_TARGET = 14.6;
				MARKETING_VERSION = 1.0;
				"OTHER_LDFLAGS[arch=*]" = (
					"-Xlinker",
					"-interposable",
				);
				PRODUCT_BUNDLE_IDENTIFIER = com.cjpy4.CatchAll;
				PRODUCT_NAME = "$(TARGET_NAME)";
				PROVISIONING_PROFILE_SPECIFIER = "";
				SDKROOT = auto;
				SUPPORTED_PLATFORMS = "iphoneos iphonesimulator macosx xros xrsimulator";
				SWIFT_EMIT_LOC_STRINGS = YES;
				SWIFT_VERSION = 5.0;
				TARGETED_DEVICE_FAMILY = "1,2,7";
				XROS_DEPLOYMENT_TARGET = 2.0;
			};
			name = Debug;
		};
		530363352CCC8B8A009A0847 /* Release */ = {
			isa = XCBuildConfiguration;
			buildSettings = {
				ASSETCATALOG_COMPILER_APPICON_NAME = AppIcon;
				ASSETCATALOG_COMPILER_GLOBAL_ACCENT_COLOR_NAME = AccentColor;
				CODE_SIGN_ENTITLEMENTS = CatchAll/CatchAll.entitlements;
				CODE_SIGN_IDENTITY = "Apple Development";
				CODE_SIGN_STYLE = Automatic;
				CURRENT_PROJECT_VERSION = 1;
				DEAD_CODE_STRIPPING = YES;
				DEVELOPMENT_ASSET_PATHS = "\"CatchAll/Preview Content\"";
				DEVELOPMENT_TEAM = F38SNU7547;
				ENABLE_PREVIEWS = YES;
				GENERATE_INFOPLIST_FILE = YES;
				"INFOPLIST_KEY_UIApplicationSceneManifest_Generation[sdk=iphoneos*]" = YES;
				"INFOPLIST_KEY_UIApplicationSceneManifest_Generation[sdk=iphonesimulator*]" = YES;
				"INFOPLIST_KEY_UIApplicationSupportsIndirectInputEvents[sdk=iphoneos*]" = YES;
				"INFOPLIST_KEY_UIApplicationSupportsIndirectInputEvents[sdk=iphonesimulator*]" = YES;
				"INFOPLIST_KEY_UILaunchScreen_Generation[sdk=iphoneos*]" = YES;
				"INFOPLIST_KEY_UILaunchScreen_Generation[sdk=iphonesimulator*]" = YES;
				"INFOPLIST_KEY_UIStatusBarStyle[sdk=iphoneos*]" = UIStatusBarStyleDefault;
				"INFOPLIST_KEY_UIStatusBarStyle[sdk=iphonesimulator*]" = UIStatusBarStyleDefault;
				INFOPLIST_KEY_UISupportedInterfaceOrientations_iPad = "UIInterfaceOrientationPortrait UIInterfaceOrientationPortraitUpsideDown UIInterfaceOrientationLandscapeLeft UIInterfaceOrientationLandscapeRight";
				INFOPLIST_KEY_UISupportedInterfaceOrientations_iPhone = "UIInterfaceOrientationPortrait UIInterfaceOrientationLandscapeLeft UIInterfaceOrientationLandscapeRight";
				IPHONEOS_DEPLOYMENT_TARGET = 18.0;
				LD_RUNPATH_SEARCH_PATHS = "@executable_path/Frameworks";
				"LD_RUNPATH_SEARCH_PATHS[sdk=macosx*]" = "@executable_path/../Frameworks";
				MACOSX_DEPLOYMENT_TARGET = 14.6;
				MARKETING_VERSION = 1.0;
				PRODUCT_BUNDLE_IDENTIFIER = com.cjpy4.CatchAll;
				PRODUCT_NAME = "$(TARGET_NAME)";
				PROVISIONING_PROFILE_SPECIFIER = "";
				SDKROOT = auto;
				SUPPORTED_PLATFORMS = "iphoneos iphonesimulator macosx xros xrsimulator";
				SWIFT_EMIT_LOC_STRINGS = YES;
				SWIFT_VERSION = 5.0;
				TARGETED_DEVICE_FAMILY = "1,2,7";
				XROS_DEPLOYMENT_TARGET = 2.0;
			};
			name = Release;
		};
		530363372CCC8B8A009A0847 /* Debug */ = {
			isa = XCBuildConfiguration;
			buildSettings = {
				BUNDLE_LOADER = "$(TEST_HOST)";
				CODE_SIGN_STYLE = Automatic;
				CURRENT_PROJECT_VERSION = 1;
				DEAD_CODE_STRIPPING = YES;
				GENERATE_INFOPLIST_FILE = YES;
				IPHONEOS_DEPLOYMENT_TARGET = 18.0;
				MACOSX_DEPLOYMENT_TARGET = 14.6;
				MARKETING_VERSION = 1.0;
				"OTHER_LDFLAGS[arch=*]" = (
					"-Xlinker",
					"-interposable",
				);
				PRODUCT_BUNDLE_IDENTIFIER = com.cjpy4.CatchAllTests;
				PRODUCT_NAME = "$(TARGET_NAME)";
				SDKROOT = auto;
				SUPPORTED_PLATFORMS = "iphoneos iphonesimulator macosx xros xrsimulator";
				SWIFT_EMIT_LOC_STRINGS = NO;
				SWIFT_VERSION = 5.0;
				TARGETED_DEVICE_FAMILY = "1,2,7";
				TEST_HOST = "$(BUILT_PRODUCTS_DIR)/CatchAll.app/$(BUNDLE_EXECUTABLE_FOLDER_PATH)/CatchAll";
				XROS_DEPLOYMENT_TARGET = 2.0;
			};
			name = Debug;
		};
		530363382CCC8B8A009A0847 /* Release */ = {
			isa = XCBuildConfiguration;
			buildSettings = {
				BUNDLE_LOADER = "$(TEST_HOST)";
				CODE_SIGN_STYLE = Automatic;
				CURRENT_PROJECT_VERSION = 1;
				DEAD_CODE_STRIPPING = YES;
				GENERATE_INFOPLIST_FILE = YES;
				IPHONEOS_DEPLOYMENT_TARGET = 18.0;
				MACOSX_DEPLOYMENT_TARGET = 14.6;
				MARKETING_VERSION = 1.0;
				PRODUCT_BUNDLE_IDENTIFIER = com.cjpy4.CatchAllTests;
				PRODUCT_NAME = "$(TARGET_NAME)";
				SDKROOT = auto;
				SUPPORTED_PLATFORMS = "iphoneos iphonesimulator macosx xros xrsimulator";
				SWIFT_EMIT_LOC_STRINGS = NO;
				SWIFT_VERSION = 5.0;
				TARGETED_DEVICE_FAMILY = "1,2,7";
				TEST_HOST = "$(BUILT_PRODUCTS_DIR)/CatchAll.app/$(BUNDLE_EXECUTABLE_FOLDER_PATH)/CatchAll";
				XROS_DEPLOYMENT_TARGET = 2.0;
			};
			name = Release;
		};
		5303633A2CCC8B8A009A0847 /* Debug */ = {
			isa = XCBuildConfiguration;
			buildSettings = {
				CODE_SIGN_STYLE = Automatic;
				CURRENT_PROJECT_VERSION = 1;
				DEAD_CODE_STRIPPING = YES;
				GENERATE_INFOPLIST_FILE = YES;
				IPHONEOS_DEPLOYMENT_TARGET = 18.0;
				MACOSX_DEPLOYMENT_TARGET = 14.6;
				MARKETING_VERSION = 1.0;
				"OTHER_LDFLAGS[arch=*]" = (
					"-Xlinker",
					"-interposable",
				);
				PRODUCT_BUNDLE_IDENTIFIER = com.cjpy4.CatchAllUITests;
				PRODUCT_NAME = "$(TARGET_NAME)";
				SDKROOT = auto;
				SUPPORTED_PLATFORMS = "iphoneos iphonesimulator macosx xros xrsimulator";
				SWIFT_EMIT_LOC_STRINGS = NO;
				SWIFT_VERSION = 5.0;
				TARGETED_DEVICE_FAMILY = "1,2,7";
				TEST_TARGET_NAME = CatchAll;
				XROS_DEPLOYMENT_TARGET = 2.0;
			};
			name = Debug;
		};
		5303633B2CCC8B8A009A0847 /* Release */ = {
			isa = XCBuildConfiguration;
			buildSettings = {
				CODE_SIGN_STYLE = Automatic;
				CURRENT_PROJECT_VERSION = 1;
				DEAD_CODE_STRIPPING = YES;
				GENERATE_INFOPLIST_FILE = YES;
				IPHONEOS_DEPLOYMENT_TARGET = 18.0;
				MACOSX_DEPLOYMENT_TARGET = 14.6;
				MARKETING_VERSION = 1.0;
				PRODUCT_BUNDLE_IDENTIFIER = com.cjpy4.CatchAllUITests;
				PRODUCT_NAME = "$(TARGET_NAME)";
				SDKROOT = auto;
				SUPPORTED_PLATFORMS = "iphoneos iphonesimulator macosx xros xrsimulator";
				SWIFT_EMIT_LOC_STRINGS = NO;
				SWIFT_VERSION = 5.0;
				TARGETED_DEVICE_FAMILY = "1,2,7";
				TEST_TARGET_NAME = CatchAll;
				XROS_DEPLOYMENT_TARGET = 2.0;
			};
			name = Release;
		};
/* End XCBuildConfiguration section */

/* Begin XCConfigurationList section */
		530363092CCC8B89009A0847 /* Build configuration list for PBXProject "CatchAll" */ = {
			isa = XCConfigurationList;
			buildConfigurations = (
				530363312CCC8B8A009A0847 /* Debug */,
				530363322CCC8B8A009A0847 /* Release */,
			);
			defaultConfigurationIsVisible = 0;
			defaultConfigurationName = Release;
		};
		530363332CCC8B8A009A0847 /* Build configuration list for PBXNativeTarget "CatchAll" */ = {
			isa = XCConfigurationList;
			buildConfigurations = (
				530363342CCC8B8A009A0847 /* Debug */,
				530363352CCC8B8A009A0847 /* Release */,
			);
			defaultConfigurationIsVisible = 0;
			defaultConfigurationName = Release;
		};
		530363362CCC8B8A009A0847 /* Build configuration list for PBXNativeTarget "CatchAllTests" */ = {
			isa = XCConfigurationList;
			buildConfigurations = (
				530363372CCC8B8A009A0847 /* Debug */,
				530363382CCC8B8A009A0847 /* Release */,
			);
			defaultConfigurationIsVisible = 0;
			defaultConfigurationName = Release;
		};
		530363392CCC8B8A009A0847 /* Build configuration list for PBXNativeTarget "CatchAllUITests" */ = {
			isa = XCConfigurationList;
			buildConfigurations = (
				5303633A2CCC8B8A009A0847 /* Debug */,
				5303633B2CCC8B8A009A0847 /* Release */,
			);
			defaultConfigurationIsVisible = 0;
			defaultConfigurationName = Release;
		};
/* End XCConfigurationList section */

/* Begin XCRemoteSwiftPackageReference section */
		53079F852D05FE7200AFFF5D /* XCRemoteSwiftPackageReference "supabase-swift" */ = {
			isa = XCRemoteSwiftPackageReference;
			repositoryURL = "https://github.com/supabase-community/supabase-swift.git";
			requirement = {
				kind = upToNextMajorVersion;
				minimumVersion = 2.5.1;
			};
		};
		53079FEE2D06395800AFFF5D /* XCRemoteSwiftPackageReference "swift-dotenv" */ = {
			isa = XCRemoteSwiftPackageReference;
			repositoryURL = "https://github.com/thebarndog/swift-dotenv.git";
			requirement = {
				kind = upToNextMajorVersion;
				minimumVersion = 2.1.0;
			};
		};
		5312BC662D03DD3A007F9737 /* XCRemoteSwiftPackageReference "Inject" */ = {
			isa = XCRemoteSwiftPackageReference;
			repositoryURL = "https://github.com/krzysztofzablocki/Inject.git";
			requirement = {
				kind = upToNextMajorVersion;
				minimumVersion = 1.5.2;
			};
		};
/* End XCRemoteSwiftPackageReference section */

/* Begin XCSwiftPackageProductDependency section */
		53079F862D05FE7200AFFF5D /* Auth */ = {
			isa = XCSwiftPackageProductDependency;
			package = 53079F852D05FE7200AFFF5D /* XCRemoteSwiftPackageReference "supabase-swift" */;
			productName = Auth;
		};
		53079F882D05FE7200AFFF5D /* Functions */ = {
			isa = XCSwiftPackageProductDependency;
			package = 53079F852D05FE7200AFFF5D /* XCRemoteSwiftPackageReference "supabase-swift" */;
			productName = Functions;
		};
		53079F8A2D05FE7200AFFF5D /* PostgREST */ = {
			isa = XCSwiftPackageProductDependency;
			package = 53079F852D05FE7200AFFF5D /* XCRemoteSwiftPackageReference "supabase-swift" */;
			productName = PostgREST;
		};
		53079F8C2D05FE7200AFFF5D /* Realtime */ = {
			isa = XCSwiftPackageProductDependency;
			package = 53079F852D05FE7200AFFF5D /* XCRemoteSwiftPackageReference "supabase-swift" */;
			productName = Realtime;
		};
		53079F8E2D05FE7200AFFF5D /* Storage */ = {
			isa = XCSwiftPackageProductDependency;
			package = 53079F852D05FE7200AFFF5D /* XCRemoteSwiftPackageReference "supabase-swift" */;
			productName = Storage;
		};
		53079F902D05FE7200AFFF5D /* Supabase */ = {
			isa = XCSwiftPackageProductDependency;
			package = 53079F852D05FE7200AFFF5D /* XCRemoteSwiftPackageReference "supabase-swift" */;
			productName = Supabase;
		};
		53079FEF2D06395800AFFF5D /* SwiftDotenv */ = {
			isa = XCSwiftPackageProductDependency;
			package = 53079FEE2D06395800AFFF5D /* XCRemoteSwiftPackageReference "swift-dotenv" */;
			productName = SwiftDotenv;
		};
		5359A9452D03E09C0043A282 /* Inject */ = {
			isa = XCSwiftPackageProductDependency;
			package = 5312BC662D03DD3A007F9737 /* XCRemoteSwiftPackageReference "Inject" */;
			productName = Inject;
		};
/* End XCSwiftPackageProductDependency section */
	};
	rootObject = 530363062CCC8B89009A0847 /* Project object */;
}
